
Microsoft Visual Studio Solution File, Format Version 12.00
# Visual Studio Version 16
VisualStudioVersion = 16.0.31515.178
MinimumVisualStudioVersion = 10.0.40219.1
Project("{8BC9CEB8-8B4A-11D0-8D11-00A0C91BC942}") = "chm3", "chm3.vcxproj", "{DDFD4733-6718-4EB7-8A88-1778197CD89B}"
EndProject
Global
	GlobalSection(SolutionConfigurationPlatforms) = preSolution
		Debug|x64 = Debug|x64
		Debug|x86 = Debug|x86
		Release|x64 = Release|x64
		Release|x86 = Release|x86
	EndGlobalSection
	GlobalSection(ProjectConfigurationPlatforms) = postSolution
		{DDFD4733-6718-4EB7-8A88-1778197CD89B}.Debug|x64.ActiveCfg = Debug|x64
		{DDFD4733-6718-4EB7-8A88-1778197CD89B}.Debug|x64.Build.0 = Debug|x64
		{DDFD4733-6718-4EB7-8A88-1778197CD89B}.Debug|x86.ActiveCfg = Debug|Win32
		{DDFD4733-6718-4EB7-8A88-1778197CD89B}.Debug|x86.Build.0 = Debug|Win32
		{DDFD4733-6718-4EB7-8A88-1778197CD89B}.Release|x64.ActiveCfg = Release|x64
		{DDFD4733-6718-4EB7-8A88-1778197CD89B}.Release|x64.Build.0 = Release|x64
		{DDFD4733-6718-4EB7-8A88-1778197CD89B}.Release|x86.ActiveCfg = Release|Win32
		{DDFD4733-6718-4EB7-8A88-1778197CD89B}.Release|x86.Build.0 = Release|Win32
	EndGlobalSection
	GlobalSection(SolutionProperties) = preSolution
		HideSolutionNode = FALSE
	EndGlobalSection
	GlobalSection(ExtensibilityGlobals) = postSolution
		SolutionGuid = {3B3BE953-0E28-4840-AA5F-74C12A45CB1E}
	EndGlobalSection
EndGlobal
